
Microsoft Visual Studio Solution File, Format Version 12.00
# Visual Studio Version 16
VisualStudioVersion = 16.0.31702.278
MinimumVisualStudioVersion = 10.0.40219.1
Project("{9A19103F-16F7-4668-BE54-9A1E7A4F7556}") = "CabinetMedical", "CabinetMedical\CabinetMedical.csproj", "{6EE56F18-6A53-49AC-8ADA-46BE22F8525C}"
EndProject
Project("{FAE04EC0-301F-11D3-BF4B-00C04F79EFBC}") = "TestCabinetMedical", "TestCabinetMedical\TestCabinetMedical.csproj", "{EAE4986A-880D-4FB8-94E2-52A63E315AB2}"
EndProject
Global
	GlobalSection(SolutionConfigurationPlatforms) = preSolution
		Debug|Any CPU = Debug|Any CPU
		Release|Any CPU = Release|Any CPU
	EndGlobalSection
	GlobalSection(ProjectConfigurationPlatforms) = postSolution
		{6EE56F18-6A53-49AC-8ADA-46BE22F8525C}.Debug|Any CPU.ActiveCfg = Debug|Any CPU
		{6EE56F18-6A53-49AC-8ADA-46BE22F8525C}.Debug|Any CPU.Build.0 = Debug|Any CPU
		{6EE56F18-6A53-49AC-8ADA-46BE22F8525C}.Release|Any CPU.ActiveCfg = Release|Any CPU
		{6EE56F18-6A53-49AC-8ADA-46BE22F8525C}.Release|Any CPU.Build.0 = Release|Any CPU
		{EAE4986A-880D-4FB8-94E2-52A63E315AB2}.Debug|Any CPU.ActiveCfg = Debug|Any CPU
		{EAE4986A-880D-4FB8-94E2-52A63E315AB2}.Debug|Any CPU.Build.0 = Debug|Any CPU
		{EAE4986A-880D-4FB8-94E2-52A63E315AB2}.Release|Any CPU.ActiveCfg = Release|Any CPU
		{EAE4986A-880D-4FB8-94E2-52A63E315AB2}.Release|Any CPU.Build.0 = Release|Any CPU
	EndGlobalSection
	GlobalSection(SolutionProperties) = preSolution
		HideSolutionNode = FALSE
	EndGlobalSection
	GlobalSection(ExtensibilityGlobals) = postSolution
		SolutionGuid = {8FEAF4B1-1173-4B30-9CEF-E6E4CA0A6411}
	EndGlobalSection
EndGlobal
